
Microsoft Visual Studio Solution File, Format Version 12.00
# Visual Studio Version 17
VisualStudioVersion = 17.14.36401.2
MinimumVisualStudioVersion = 10.0.40219.1
Project("{FAE04EC0-301F-11D3-BF4B-00C04F79EFBC}") = "AT-NetCore-LearningEnglishBot.Web.UI", "AT-NetCore-LearningEnglishBot.Web.UI\AT-NetCore-LearningEnglishBot.Web.UI.csproj", "{5179A5D3-1587-40F8-8607-75E8BF22663E}"
EndProject
Global
	GlobalSection(SolutionConfigurationPlatforms) = preSolution
		Debug|Any CPU = Debug|Any CPU
		Release|Any CPU = Release|Any CPU
	EndGlobalSection
	GlobalSection(ProjectConfigurationPlatforms) = postSolution
		{5179A5D3-1587-40F8-8607-75E8BF22663E}.Debug|Any CPU.ActiveCfg = Debug|Any CPU
		{5179A5D3-1587-40F8-8607-75E8BF22663E}.Debug|Any CPU.Build.0 = Debug|Any CPU
		{5179A5D3-1587-40F8-8607-75E8BF22663E}.Release|Any CPU.ActiveCfg = Release|Any CPU
		{5179A5D3-1587-40F8-8607-75E8BF22663E}.Release|Any CPU.Build.0 = Release|Any CPU
	EndGlobalSection
	GlobalSection(SolutionProperties) = preSolution
		HideSolutionNode = FALSE
	EndGlobalSection
	GlobalSection(ExtensibilityGlobals) = postSolution
		SolutionGuid = {2067092A-694E-405E-8D11-92241F11C859}
	EndGlobalSection
EndGlobal
